{
  "name": "rsl-crawler",
  "version": "1.0.0",
  "lockfileVersion": 3,
  "requires": true,
  "packages": {
    "": {
      "name": "rsl-crawler",
      "version": "1.0.0",
      "license": "GPL-3.0",
      "dependencies": {
        "@rabbit-company/logger": "^2.0.1",
        "commander": "^10.0.0",
        "dotenv": "^16.0.3",
        "minecraft-server-util": "^5.4.0"
      },
      "bin": {
        "rsl-crawler": "src/index.js"
      }
    },
    "node_modules/@rabbit-company/logger": {
      "version": "2.0.1",
      "resolved": "https://registry.npmjs.org/@rabbit-company/logger/-/logger-2.0.1.tgz",
      "integrity": "sha512-ZP/D4YUxW8cnivuTXbYK37I+hVT+wLAHaxcmD8LW70gxy80kxywHkG3IicY2LoEM++PGOxCpMxZOaAmUko8ZBg==",
      "dependencies": {
        "chalk": "^5.2.0"
      },
      "funding": {
        "url": "https://rabbit-company.com/donation"
      }
    },
    "node_modules/chalk": {
      "version": "5.2.0",
      "resolved": "https://registry.npmjs.org/chalk/-/chalk-5.2.0.tgz",
      "integrity": "sha512-ree3Gqw/nazQAPuJJEy+avdl7QfZMcUvmHIKgEZkGL+xOBzRvup5Hxo6LHuMceSxOabuJLJm5Yp/92R9eMmMvA==",
      "engines": {
        "node": "^12.17.0 || ^14.13 || >=16.0.0"
      },
      "funding": {
        "url": "https://github.com/chalk/chalk?sponsor=1"
      }
    },
    "node_modules/commander": {
      "version": "10.0.0",
      "resolved": "https://registry.npmjs.org/commander/-/commander-10.0.0.tgz",
      "integrity": "sha512-zS5PnTI22FIRM6ylNW8G4Ap0IEOyk62fhLSD0+uHRT9McRCLGpkVNvao4bjimpK/GShynyQkFFxHhwMcETmduA==",
      "engines": {
        "node": ">=14"
      }
    },
    "node_modules/dotenv": {
      "version": "16.0.3",
      "resolved": "https://registry.npmjs.org/dotenv/-/dotenv-16.0.3.tgz",
      "integrity": "sha512-7GO6HghkA5fYG9TYnNxi14/7K9f5occMlp3zXAuSxn7CKCxt9xbNWG7yF8hTCSUchlfWSe3uLmlPfigevRItzQ==",
      "engines": {
        "node": ">=12"
      }
    },
    "node_modules/minecraft-motd-util": {
      "version": "1.1.12",
      "resolved": "https://registry.npmjs.org/minecraft-motd-util/-/minecraft-motd-util-1.1.12.tgz",
      "integrity": "sha512-5TuTRjrRupSTruea0nRC37r0FdhkS1O4wIJKAYfwJRCQd/X4Zyl/dVIs96h9UVW6N8jhIuz9pNkrDsqyN7VBdA=="
    },
    "node_modules/minecraft-server-util": {
      "version": "5.4.1",
      "resolved": "https://registry.npmjs.org/minecraft-server-util/-/minecraft-server-util-5.4.1.tgz",
      "integrity": "sha512-rZipjbU0l57RlfRsCEK0qhGc40tVPKm/jbqLuFZTFsOfYdqduMDhW2wWKtypO+VKy9sctLDbL42fKJM6pZh/2g==",
      "dependencies": {
        "minecraft-motd-util": "^1.1.9"
      },
      "engines": {
        "node": ">=10.0.0"
      }
    }
  }
}
