{
  "name": "@rabbit-company/rsl-crawler",
  "version": "1.0.0",
  "lockfileVersion": 3,
  "requires": true,
  "packages": {
    "": {
      "name": "@rabbit-company/rsl-crawler",
      "version": "1.0.0",
      "license": "GPL-3.0",
      "dependencies": {
        "@hono/node-server": "^0.3.0",
        "@rabbit-company/logger": "^2.0.1",
        "commander": "^10.0.0",
        "dotenv": "^16.0.3",
        "hono": "^3.1.3",
        "minecraft-server-util": "^5.4.0"
      },
      "bin": {
        "rsl-crawler": "src/index.js"
      }
    },
    "node_modules/@hono/node-server": {
      "version": "0.3.0",
      "resolved": "https://registry.npmjs.org/@hono/node-server/-/node-server-0.3.0.tgz",
      "integrity": "sha512-SAiy4UKrAB/0O8Da7d8T3sdDDdNWAAJl3poA9Kp5fywUv2FutAKYRTHrtV/pZtFuMTrdbDMGQGe3w+vm5yta4Q==",
      "dependencies": {
        "@remix-run/web-fetch": "^4.3.2",
        "@remix-run/web-file": "^3.0.2",
        "@remix-run/web-stream": "^1.0.3"
      }
    },
    "node_modules/@rabbit-company/logger": {
      "version": "2.0.1",
      "resolved": "https://registry.npmjs.org/@rabbit-company/logger/-/logger-2.0.1.tgz",
      "integrity": "sha512-ZP/D4YUxW8cnivuTXbYK37I+hVT+wLAHaxcmD8LW70gxy80kxywHkG3IicY2LoEM++PGOxCpMxZOaAmUko8ZBg==",
      "dependencies": {
        "chalk": "^5.2.0"
      },
      "funding": {
        "url": "https://rabbit-company.com/donation"
      }
    },
    "node_modules/@remix-run/web-blob": {
      "version": "3.0.4",
      "resolved": "https://registry.npmjs.org/@remix-run/web-blob/-/web-blob-3.0.4.tgz",
      "integrity": "sha512-AfegzZvSSDc+LwnXV+SwROTrDtoLiPxeFW+jxgvtDAnkuCX1rrzmVJ6CzqZ1Ai0bVfmJadkG5GxtAfYclpPmgw==",
      "dependencies": {
        "@remix-run/web-stream": "^1.0.0",
        "web-encoding": "1.1.5"
      }
    },
    "node_modules/@remix-run/web-fetch": {
      "version": "4.3.3",
      "resolved": "https://registry.npmjs.org/@remix-run/web-fetch/-/web-fetch-4.3.3.tgz",
      "integrity": "sha512-DK9vA2tgsadcFPpxW4fvN198tiWpyPhwR0EYOuM4QjpDCz0G619c9RDMdyMy6a7Qb/jwiyx9SOPHWc65QAl+1g==",
      "dependencies": {
        "@remix-run/web-blob": "^3.0.4",
        "@remix-run/web-form-data": "^3.0.3",
        "@remix-run/web-stream": "^1.0.3",
        "@web3-storage/multipart-parser": "^1.0.0",
        "abort-controller": "^3.0.0",
        "data-uri-to-buffer": "^3.0.1",
        "mrmime": "^1.0.0"
      },
      "engines": {
        "node": "^10.17 || >=12.3"
      }
    },
    "node_modules/@remix-run/web-file": {
      "version": "3.0.2",
      "resolved": "https://registry.npmjs.org/@remix-run/web-file/-/web-file-3.0.2.tgz",
      "integrity": "sha512-eFC93Onh/rZ5kUNpCQersmBtxedGpaXK2/gsUl49BYSGK/DvuPu3l06vmquEDdcPaEuXcsdGP0L7zrmUqrqo4A==",
      "dependencies": {
        "@remix-run/web-blob": "^3.0.3"
      }
    },
    "node_modules/@remix-run/web-form-data": {
      "version": "3.0.4",
      "resolved": "https://registry.npmjs.org/@remix-run/web-form-data/-/web-form-data-3.0.4.tgz",
      "integrity": "sha512-UMF1jg9Vu9CLOf8iHBdY74Mm3PUvMW8G/XZRJE56SxKaOFWGSWlfxfG+/a3boAgHFLTkP7K4H1PxlRugy1iQtw==",
      "dependencies": {
        "web-encoding": "1.1.5"
      }
    },
    "node_modules/@remix-run/web-stream": {
      "version": "1.0.3",
      "resolved": "https://registry.npmjs.org/@remix-run/web-stream/-/web-stream-1.0.3.tgz",
      "integrity": "sha512-wlezlJaA5NF6SsNMiwQnnAW6tnPzQ5I8qk0Y0pSohm0eHKa2FQ1QhEKLVVcDDu02TmkfHgnux0igNfeYhDOXiA==",
      "dependencies": {
        "web-streams-polyfill": "^3.1.1"
      }
    },
    "node_modules/@web3-storage/multipart-parser": {
      "version": "1.0.0",
      "resolved": "https://registry.npmjs.org/@web3-storage/multipart-parser/-/multipart-parser-1.0.0.tgz",
      "integrity": "sha512-BEO6al7BYqcnfX15W2cnGR+Q566ACXAT9UQykORCWW80lmkpWsnEob6zJS1ZVBKsSJC8+7vJkHwlp+lXG1UCdw=="
    },
    "node_modules/@zxing/text-encoding": {
      "version": "0.9.0",
      "resolved": "https://registry.npmjs.org/@zxing/text-encoding/-/text-encoding-0.9.0.tgz",
      "integrity": "sha512-U/4aVJ2mxI0aDNI8Uq0wEhMgY+u4CNtEb0om3+y3+niDAsoTCOB33UF0sxpzqzdqXLqmvc+vZyAt4O8pPdfkwA==",
      "optional": true
    },
    "node_modules/abort-controller": {
      "version": "3.0.0",
      "resolved": "https://registry.npmjs.org/abort-controller/-/abort-controller-3.0.0.tgz",
      "integrity": "sha512-h8lQ8tacZYnR3vNQTgibj+tODHI5/+l06Au2Pcriv/Gmet0eaj4TwWH41sO9wnHDiQsEj19q0drzdWdeAHtweg==",
      "dependencies": {
        "event-target-shim": "^5.0.0"
      },
      "engines": {
        "node": ">=6.5"
      }
    },
    "node_modules/available-typed-arrays": {
      "version": "1.0.5",
      "resolved": "https://registry.npmjs.org/available-typed-arrays/-/available-typed-arrays-1.0.5.tgz",
      "integrity": "sha512-DMD0KiN46eipeziST1LPP/STfDU0sufISXmjSgvVsoU2tqxctQeASejWcfNtxYKqETM1UxQ8sp2OrSBWpHY6sw==",
      "engines": {
        "node": ">= 0.4"
      },
      "funding": {
        "url": "https://github.com/sponsors/ljharb"
      }
    },
    "node_modules/call-bind": {
      "version": "1.0.2",
      "resolved": "https://registry.npmjs.org/call-bind/-/call-bind-1.0.2.tgz",
      "integrity": "sha512-7O+FbCihrB5WGbFYesctwmTKae6rOiIzmz1icreWJ+0aA7LJfuqhEso2T9ncpcFtzMQtzXf2QGGueWJGTYsqrA==",
      "dependencies": {
        "function-bind": "^1.1.1",
        "get-intrinsic": "^1.0.2"
      },
      "funding": {
        "url": "https://github.com/sponsors/ljharb"
      }
    },
    "node_modules/chalk": {
      "version": "5.2.0",
      "resolved": "https://registry.npmjs.org/chalk/-/chalk-5.2.0.tgz",
      "integrity": "sha512-ree3Gqw/nazQAPuJJEy+avdl7QfZMcUvmHIKgEZkGL+xOBzRvup5Hxo6LHuMceSxOabuJLJm5Yp/92R9eMmMvA==",
      "engines": {
        "node": "^12.17.0 || ^14.13 || >=16.0.0"
      },
      "funding": {
        "url": "https://github.com/chalk/chalk?sponsor=1"
      }
    },
    "node_modules/commander": {
      "version": "10.0.0",
      "resolved": "https://registry.npmjs.org/commander/-/commander-10.0.0.tgz",
      "integrity": "sha512-zS5PnTI22FIRM6ylNW8G4Ap0IEOyk62fhLSD0+uHRT9McRCLGpkVNvao4bjimpK/GShynyQkFFxHhwMcETmduA==",
      "engines": {
        "node": ">=14"
      }
    },
    "node_modules/data-uri-to-buffer": {
      "version": "3.0.1",
      "resolved": "https://registry.npmjs.org/data-uri-to-buffer/-/data-uri-to-buffer-3.0.1.tgz",
      "integrity": "sha512-WboRycPNsVw3B3TL559F7kuBUM4d8CgMEvk6xEJlOp7OBPjt6G7z8WMWlD2rOFZLk6OYfFIUGsCOWzcQH9K2og==",
      "engines": {
        "node": ">= 6"
      }
    },
    "node_modules/dotenv": {
      "version": "16.0.3",
      "resolved": "https://registry.npmjs.org/dotenv/-/dotenv-16.0.3.tgz",
      "integrity": "sha512-7GO6HghkA5fYG9TYnNxi14/7K9f5occMlp3zXAuSxn7CKCxt9xbNWG7yF8hTCSUchlfWSe3uLmlPfigevRItzQ==",
      "engines": {
        "node": ">=12"
      }
    },
    "node_modules/event-target-shim": {
      "version": "5.0.1",
      "resolved": "https://registry.npmjs.org/event-target-shim/-/event-target-shim-5.0.1.tgz",
      "integrity": "sha512-i/2XbnSz/uxRCU6+NdVJgKWDTM427+MqYbkQzD321DuCQJUqOuJKIA0IM2+W2xtYHdKOmZ4dR6fExsd4SXL+WQ==",
      "engines": {
        "node": ">=6"
      }
    },
    "node_modules/for-each": {
      "version": "0.3.3",
      "resolved": "https://registry.npmjs.org/for-each/-/for-each-0.3.3.tgz",
      "integrity": "sha512-jqYfLp7mo9vIyQf8ykW2v7A+2N4QjeCeI5+Dz9XraiO1ign81wjiH7Fb9vSOWvQfNtmSa4H2RoQTrrXivdUZmw==",
      "dependencies": {
        "is-callable": "^1.1.3"
      }
    },
    "node_modules/function-bind": {
      "version": "1.1.1",
      "resolved": "https://registry.npmjs.org/function-bind/-/function-bind-1.1.1.tgz",
      "integrity": "sha512-yIovAzMX49sF8Yl58fSCWJ5svSLuaibPxXQJFLmBObTuCr0Mf1KiPopGM9NiFjiYBCbfaa2Fh6breQ6ANVTI0A=="
    },
    "node_modules/get-intrinsic": {
      "version": "1.2.0",
      "resolved": "https://registry.npmjs.org/get-intrinsic/-/get-intrinsic-1.2.0.tgz",
      "integrity": "sha512-L049y6nFOuom5wGyRc3/gdTLO94dySVKRACj1RmJZBQXlbTMhtNIgkWkUHq+jYmZvKf14EW1EoJnnjbmoHij0Q==",
      "dependencies": {
        "function-bind": "^1.1.1",
        "has": "^1.0.3",
        "has-symbols": "^1.0.3"
      },
      "funding": {
        "url": "https://github.com/sponsors/ljharb"
      }
    },
    "node_modules/gopd": {
      "version": "1.0.1",
      "resolved": "https://registry.npmjs.org/gopd/-/gopd-1.0.1.tgz",
      "integrity": "sha512-d65bNlIadxvpb/A2abVdlqKqV563juRnZ1Wtk6s1sIR8uNsXR70xqIzVqxVf1eTqDunwT2MkczEeaezCKTZhwA==",
      "dependencies": {
        "get-intrinsic": "^1.1.3"
      },
      "funding": {
        "url": "https://github.com/sponsors/ljharb"
      }
    },
    "node_modules/has": {
      "version": "1.0.3",
      "resolved": "https://registry.npmjs.org/has/-/has-1.0.3.tgz",
      "integrity": "sha512-f2dvO0VU6Oej7RkWJGrehjbzMAjFp5/VKPp5tTpWIV4JHHZK1/BxbFRtf/siA2SWTe09caDmVtYYzWEIbBS4zw==",
      "dependencies": {
        "function-bind": "^1.1.1"
      },
      "engines": {
        "node": ">= 0.4.0"
      }
    },
    "node_modules/has-symbols": {
      "version": "1.0.3",
      "resolved": "https://registry.npmjs.org/has-symbols/-/has-symbols-1.0.3.tgz",
      "integrity": "sha512-l3LCuF6MgDNwTDKkdYGEihYjt5pRPbEg46rtlmnSPlUbgmB8LOIrKJbYYFBSbnPaJexMKtiPO8hmeRjRz2Td+A==",
      "engines": {
        "node": ">= 0.4"
      },
      "funding": {
        "url": "https://github.com/sponsors/ljharb"
      }
    },
    "node_modules/has-tostringtag": {
      "version": "1.0.0",
      "resolved": "https://registry.npmjs.org/has-tostringtag/-/has-tostringtag-1.0.0.tgz",
      "integrity": "sha512-kFjcSNhnlGV1kyoGk7OXKSawH5JOb/LzUc5w9B02hOTO0dfFRjbHQKvg1d6cf3HbeUmtU9VbbV3qzZ2Teh97WQ==",
      "dependencies": {
        "has-symbols": "^1.0.2"
      },
      "engines": {
        "node": ">= 0.4"
      },
      "funding": {
        "url": "https://github.com/sponsors/ljharb"
      }
    },
    "node_modules/hono": {
      "version": "3.1.3",
      "resolved": "https://registry.npmjs.org/hono/-/hono-3.1.3.tgz",
      "integrity": "sha512-HgE9OTMORkK3MgKAIca+w1pbIryTMWz5wr1AFhXzzws6z5mYEnlZ6yvOwAD40hBtmYSyVhH9t1qE5qxV1UQb8Q==",
      "engines": {
        "node": ">=16.0.0"
      }
    },
    "node_modules/inherits": {
      "version": "2.0.4",
      "resolved": "https://registry.npmjs.org/inherits/-/inherits-2.0.4.tgz",
      "integrity": "sha512-k/vGaX4/Yla3WzyMCvTQOXYeIHvqOKtnqBduzTHpzpQZzAskKMhZ2K+EnBiSM9zGSoIFeMpXKxa4dYeZIQqewQ=="
    },
    "node_modules/is-arguments": {
      "version": "1.1.1",
      "resolved": "https://registry.npmjs.org/is-arguments/-/is-arguments-1.1.1.tgz",
      "integrity": "sha512-8Q7EARjzEnKpt/PCD7e1cgUS0a6X8u5tdSiMqXhojOdoV9TsMsiO+9VLC5vAmO8N7/GmXn7yjR8qnA6bVAEzfA==",
      "dependencies": {
        "call-bind": "^1.0.2",
        "has-tostringtag": "^1.0.0"
      },
      "engines": {
        "node": ">= 0.4"
      },
      "funding": {
        "url": "https://github.com/sponsors/ljharb"
      }
    },
    "node_modules/is-callable": {
      "version": "1.2.7",
      "resolved": "https://registry.npmjs.org/is-callable/-/is-callable-1.2.7.tgz",
      "integrity": "sha512-1BC0BVFhS/p0qtw6enp8e+8OD0UrK0oFLztSjNzhcKA3WDuJxxAPXzPuPtKkjEY9UUoEWlX/8fgKeu2S8i9JTA==",
      "engines": {
        "node": ">= 0.4"
      },
      "funding": {
        "url": "https://github.com/sponsors/ljharb"
      }
    },
    "node_modules/is-generator-function": {
      "version": "1.0.10",
      "resolved": "https://registry.npmjs.org/is-generator-function/-/is-generator-function-1.0.10.tgz",
      "integrity": "sha512-jsEjy9l3yiXEQ+PsXdmBwEPcOxaXWLspKdplFUVI9vq1iZgIekeC0L167qeu86czQaxed3q/Uzuw0swL0irL8A==",
      "dependencies": {
        "has-tostringtag": "^1.0.0"
      },
      "engines": {
        "node": ">= 0.4"
      },
      "funding": {
        "url": "https://github.com/sponsors/ljharb"
      }
    },
    "node_modules/is-typed-array": {
      "version": "1.1.10",
      "resolved": "https://registry.npmjs.org/is-typed-array/-/is-typed-array-1.1.10.tgz",
      "integrity": "sha512-PJqgEHiWZvMpaFZ3uTc8kHPM4+4ADTlDniuQL7cU/UDA0Ql7F70yGfHph3cLNe+c9toaigv+DFzTJKhc2CtO6A==",
      "dependencies": {
        "available-typed-arrays": "^1.0.5",
        "call-bind": "^1.0.2",
        "for-each": "^0.3.3",
        "gopd": "^1.0.1",
        "has-tostringtag": "^1.0.0"
      },
      "engines": {
        "node": ">= 0.4"
      },
      "funding": {
        "url": "https://github.com/sponsors/ljharb"
      }
    },
    "node_modules/minecraft-motd-util": {
      "version": "1.1.12",
      "resolved": "https://registry.npmjs.org/minecraft-motd-util/-/minecraft-motd-util-1.1.12.tgz",
      "integrity": "sha512-5TuTRjrRupSTruea0nRC37r0FdhkS1O4wIJKAYfwJRCQd/X4Zyl/dVIs96h9UVW6N8jhIuz9pNkrDsqyN7VBdA=="
    },
    "node_modules/minecraft-server-util": {
      "version": "5.4.1",
      "resolved": "https://registry.npmjs.org/minecraft-server-util/-/minecraft-server-util-5.4.1.tgz",
      "integrity": "sha512-rZipjbU0l57RlfRsCEK0qhGc40tVPKm/jbqLuFZTFsOfYdqduMDhW2wWKtypO+VKy9sctLDbL42fKJM6pZh/2g==",
      "dependencies": {
        "minecraft-motd-util": "^1.1.9"
      },
      "engines": {
        "node": ">=10.0.0"
      }
    },
    "node_modules/mrmime": {
      "version": "1.0.1",
      "resolved": "https://registry.npmjs.org/mrmime/-/mrmime-1.0.1.tgz",
      "integrity": "sha512-hzzEagAgDyoU1Q6yg5uI+AorQgdvMCur3FcKf7NhMKWsaYg+RnbTyHRa/9IlLF9rf455MOCtcqqrQQ83pPP7Uw==",
      "engines": {
        "node": ">=10"
      }
    },
    "node_modules/util": {
      "version": "0.12.5",
      "resolved": "https://registry.npmjs.org/util/-/util-0.12.5.tgz",
      "integrity": "sha512-kZf/K6hEIrWHI6XqOFUiiMa+79wE/D8Q+NCNAWclkyg3b4d2k7s0QGepNjiABc+aR3N1PAyHL7p6UcLY6LmrnA==",
      "dependencies": {
        "inherits": "^2.0.3",
        "is-arguments": "^1.0.4",
        "is-generator-function": "^1.0.7",
        "is-typed-array": "^1.1.3",
        "which-typed-array": "^1.1.2"
      }
    },
    "node_modules/web-encoding": {
      "version": "1.1.5",
      "resolved": "https://registry.npmjs.org/web-encoding/-/web-encoding-1.1.5.tgz",
      "integrity": "sha512-HYLeVCdJ0+lBYV2FvNZmv3HJ2Nt0QYXqZojk3d9FJOLkwnuhzM9tmamh8d7HPM8QqjKH8DeHkFTx+CFlWpZZDA==",
      "dependencies": {
        "util": "^0.12.3"
      },
      "optionalDependencies": {
        "@zxing/text-encoding": "0.9.0"
      }
    },
    "node_modules/web-streams-polyfill": {
      "version": "3.2.1",
      "resolved": "https://registry.npmjs.org/web-streams-polyfill/-/web-streams-polyfill-3.2.1.tgz",
      "integrity": "sha512-e0MO3wdXWKrLbL0DgGnUV7WHVuw9OUvL4hjgnPkIeEvESk74gAITi5G606JtZPp39cd8HA9VQzCIvA49LpPN5Q==",
      "engines": {
        "node": ">= 8"
      }
    },
    "node_modules/which-typed-array": {
      "version": "1.1.9",
      "resolved": "https://registry.npmjs.org/which-typed-array/-/which-typed-array-1.1.9.tgz",
      "integrity": "sha512-w9c4xkx6mPidwp7180ckYWfMmvxpjlZuIudNtDf4N/tTAUB8VJbX25qZoAsrtGuYNnGw3pa0AXgbGKRB8/EceA==",
      "dependencies": {
        "available-typed-arrays": "^1.0.5",
        "call-bind": "^1.0.2",
        "for-each": "^0.3.3",
        "gopd": "^1.0.1",
        "has-tostringtag": "^1.0.0",
        "is-typed-array": "^1.1.10"
      },
      "engines": {
        "node": ">= 0.4"
      },
      "funding": {
        "url": "https://github.com/sponsors/ljharb"
      }
    }
  }
}
