{
  "name": "rabbit-server-list-crawler",
  "version": "1.0.0",
  "lockfileVersion": 3,
  "requires": true,
  "packages": {
    "": {
      "name": "rabbit-server-list-crawler",
      "version": "1.0.0",
      "license": "GPL-3.0",
      "dependencies": {
        "minecraft-server-util": "^5.4.0"
      }
    },
    "node_modules/minecraft-motd-util": {
      "version": "1.1.12",
      "resolved": "https://registry.npmjs.org/minecraft-motd-util/-/minecraft-motd-util-1.1.12.tgz",
      "integrity": "sha512-5TuTRjrRupSTruea0nRC37r0FdhkS1O4wIJKAYfwJRCQd/X4Zyl/dVIs96h9UVW6N8jhIuz9pNkrDsqyN7VBdA=="
    },
    "node_modules/minecraft-server-util": {
      "version": "5.4.0",
      "resolved": "https://registry.npmjs.org/minecraft-server-util/-/minecraft-server-util-5.4.0.tgz",
      "integrity": "sha512-KvwS125IxSK5vWvYp2mMuotRCZkHPkEL/iuHcfeDdBtn+GvvSdIgln/Ucy/+yyE9WN64Y64HluSHjd4W8Mlz1Q==",
      "dependencies": {
        "minecraft-motd-util": "^1.1.9"
      },
      "engines": {
        "node": ">=10.0.0"
      }
    }
  }
}
